{
  "originHash" : "f087e4ec2870e16c29718cf2fbefb6c34ddea673ef532ba13d92e0ca3e473c94",
  "pins" : [
    {
      "identity" : "sentry-cocoa",
      "kind" : "remoteSourceControl",
      "location" : "https://github.com/getsentry/sentry-cocoa",
      "state" : {
        "branch" : "philprime/metrics-public-api",
        "revision" : "781a115da0e5148cf50fd8988fc9245eec850dbd"
      }
    },
    {
      "identity" : "sfsafesymbols",
      "kind" : "remoteSourceControl",
      "location" : "https://github.com/SFSafeSymbols/SFSafeSymbols",
      "state" : {
        "revision" : "3dd282d3269b061853a3b3bcd23a509d2aa166ce",
        "version" : "6.2.0"
      }
    }
  ],
  "version" : 3
}
